
Microsoft Visual Studio Solution File, Format Version 12.00
# Visual Studio Version 17
VisualStudioVersion = 17.13.35931.197 d17.13
MinimumVisualStudioVersion = 10.0.40219.1
Project("{FAE04EC0-301F-11D3-BF4B-00C04F79EFBC}") = "baI05", "baI05\baI05.csproj", "{9189B3E3-4277-4FC8-9CF5-B05C1BD7B642}"
EndProject
Global
	GlobalSection(SolutionConfigurationPlatforms) = preSolution
		Debug|Any CPU = Debug|Any CPU
		Release|Any CPU = Release|Any CPU
	EndGlobalSection
	GlobalSection(ProjectConfigurationPlatforms) = postSolution
		{9189B3E3-4277-4FC8-9CF5-B05C1BD7B642}.Debug|Any CPU.ActiveCfg = Debug|Any CPU
		{9189B3E3-4277-4FC8-9CF5-B05C1BD7B642}.Debug|Any CPU.Build.0 = Debug|Any CPU
		{9189B3E3-4277-4FC8-9CF5-B05C1BD7B642}.Release|Any CPU.ActiveCfg = Release|Any CPU
		{9189B3E3-4277-4FC8-9CF5-B05C1BD7B642}.Release|Any CPU.Build.0 = Release|Any CPU
	EndGlobalSection
	GlobalSection(SolutionProperties) = preSolution
		HideSolutionNode = FALSE
	EndGlobalSection
	GlobalSection(ExtensibilityGlobals) = postSolution
		SolutionGuid = {101F3CE3-28C9-4106-8BAF-A5B9EEB78C42}
	EndGlobalSection
EndGlobal
